
Microsoft Visual Studio Solution File, Format Version 12.00
# Visual Studio Version 17
VisualStudioVersion = 17.9.34902.65
MinimumVisualStudioVersion = 10.0.40219.1
Project("{FAE04EC0-301F-11D3-BF4B-00C04F79EFBC}") = "JA_PROJECT_KMMB", "JA_PROJECT_KMMB.csproj", "{2D772B10-4D83-48BB-855C-5AEBF657FE91}"
EndProject
Global
	GlobalSection(SolutionConfigurationPlatforms) = preSolution
		Debug|Any CPU = Debug|Any CPU
		Release|Any CPU = Release|Any CPU
	EndGlobalSection
	GlobalSection(ProjectConfigurationPlatforms) = postSolution
		{2D772B10-4D83-48BB-855C-5AEBF657FE91}.Debug|Any CPU.ActiveCfg = Debug|Any CPU
		{2D772B10-4D83-48BB-855C-5AEBF657FE91}.Debug|Any CPU.Build.0 = Debug|Any CPU
		{2D772B10-4D83-48BB-855C-5AEBF657FE91}.Release|Any CPU.ActiveCfg = Release|Any CPU
		{2D772B10-4D83-48BB-855C-5AEBF657FE91}.Release|Any CPU.Build.0 = Release|Any CPU
	EndGlobalSection
	GlobalSection(SolutionProperties) = preSolution
		HideSolutionNode = FALSE
	EndGlobalSection
	GlobalSection(ExtensibilityGlobals) = postSolution
		SolutionGuid = {F9316F2C-6E00-43C0-84D6-7278A51DB570}
	EndGlobalSection
EndGlobal
